{
  "lockfile-version": 1,
  "manifest": {
    "version": 1,
    "install": {
      "alejandra": {
        "pkg-path": "alejandra"
      },
      "nil": {
        "pkg-path": "nil"
      },
      "nixd": {
        "pkg-path": "nixd"
      },
      "taplo": {
        "pkg-path": "taplo"
      }
    },
    "hook": {},
    "profile": {},
    "options": {}
  },
  "packages": [
    {
      "attr_path": "alejandra",
      "broken": false,
      "derivation": "/nix/store/m16rj5rb7j1j5v9ashszyxxck63h3jxb-alejandra-4.0.0.drv",
      "description": "Uncompromising Nix Code Formatter",
      "install_id": "alejandra",
      "license": "Unlicense",
      "locked_url": "https://github.com/flox/nixpkgs?rev=ab0f3607a6c7486ea22229b92ed2d355f1482ee0",
      "name": "alejandra-4.0.0",
      "pname": "alejandra",
      "rev": "ab0f3607a6c7486ea22229b92ed2d355f1482ee0",
      "rev_count": 859555,
      "rev_date": "2025-09-10T06:58:08Z",
      "scrape_date": "2025-09-12T02:06:11.112095Z",
      "stabilities": [
        "staging",
        "unstable"
      ],
      "unfree": false,
      "version": "4.0.0",
      "outputs_to_install": [
        "out"
      ],
      "outputs": {
        "out": "/nix/store/nn1j6xdl540yqs8vjxqyi116g4jjdaci-alejandra-4.0.0"
      },
      "system": "aarch64-darwin",
      "group": "toplevel",
      "priority": 5
    },
    {
      "attr_path": "alejandra",
      "broken": false,
      "derivation": "/nix/store/rb9pr14gwdgmmvnb00bmrkk48hidawnr-alejandra-4.0.0.drv",
      "description": "Uncompromising Nix Code Formatter",
      "install_id": "alejandra",
      "license": "Unlicense",
      "locked_url": "https://github.com/flox/nixpkgs?rev=ab0f3607a6c7486ea22229b92ed2d355f1482ee0",
      "name": "alejandra-4.0.0",
      "pname": "alejandra",
      "rev": "ab0f3607a6c7486ea22229b92ed2d355f1482ee0",
      "rev_count": 859555,
      "rev_date": "2025-09-10T06:58:08Z",
      "scrape_date": "2025-09-12T02:40:51.418544Z",
      "stabilities": [
        "staging",
        "unstable"
      ],
      "unfree": false,
      "version": "4.0.0",
      "outputs_to_install": [
        "out"
      ],
      "outputs": {
        "out": "/nix/store/kgdvgs2ql5hny810ca8w32fpl2spmp1z-alejandra-4.0.0"
      },
      "system": "aarch64-linux",
      "group": "toplevel",
      "priority": 5
    },
    {
      "attr_path": "alejandra",
      "broken": false,
      "derivation": "/nix/store/vlxwvwi82kqfr9wbh7gy5dvwr63sxl42-alejandra-4.0.0.drv",
      "description": "Uncompromising Nix Code Formatter",
      "install_id": "alejandra",
      "license": "Unlicense",
      "locked_url": "https://github.com/flox/nixpkgs?rev=ab0f3607a6c7486ea22229b92ed2d355f1482ee0",
      "name": "alejandra-4.0.0",
      "pname": "alejandra",
      "rev": "ab0f3607a6c7486ea22229b92ed2d355f1482ee0",
      "rev_count": 859555,
      "rev_date": "2025-09-10T06:58:08Z",
      "scrape_date": "2025-09-12T03:13:15.180802Z",
      "stabilities": [
        "staging",
        "unstable"
      ],
      "unfree": false,
      "version": "4.0.0",
      "outputs_to_install": [
        "out"
      ],
      "outputs": {
        "out": "/nix/store/d2w9a6z5vwa9y0s5blq54szajf7l1ayl-alejandra-4.0.0"
      },
      "system": "x86_64-darwin",
      "group": "toplevel",
      "priority": 5
    },
    {
      "attr_path": "alejandra",
      "broken": false,
      "derivation": "/nix/store/51mg7syadvj2ncncqryfyhmppqb45fgn-alejandra-4.0.0.drv",
      "description": "Uncompromising Nix Code Formatter",
      "install_id": "alejandra",
      "license": "Unlicense",
      "locked_url": "https://github.com/flox/nixpkgs?rev=ab0f3607a6c7486ea22229b92ed2d355f1482ee0",
      "name": "alejandra-4.0.0",
      "pname": "alejandra",
      "rev": "ab0f3607a6c7486ea22229b92ed2d355f1482ee0",
      "rev_count": 859555,
      "rev_date": "2025-09-10T06:58:08Z",
      "scrape_date": "2025-09-12T03:49:34.383787Z",
      "stabilities": [
        "staging",
        "unstable"
      ],
      "unfree": false,
      "version": "4.0.0",
      "outputs_to_install": [
        "out"
      ],
      "outputs": {
        "out": "/nix/store/7lai03z9lri0vcgp2jbyj3wsk5cwy9dx-alejandra-4.0.0"
      },
      "system": "x86_64-linux",
      "group": "toplevel",
      "priority": 5
    },
    {
      "attr_path": "nil",
      "broken": false,
      "derivation": "/nix/store/q0xmlvwmyi73q6q5ka75q4m897iw149f-nil-2025-06-13.drv",
      "description": "Yet another language server for Nix",
      "install_id": "nil",
      "license": "[ MIT, Apache-2.0 ]",
      "locked_url": "https://github.com/flox/nixpkgs?rev=ab0f3607a6c7486ea22229b92ed2d355f1482ee0",
      "name": "nil-2025-06-13",
      "pname": "nil",
      "rev": "ab0f3607a6c7486ea22229b92ed2d355f1482ee0",
      "rev_count": 859555,
      "rev_date": "2025-09-10T06:58:08Z",
      "scrape_date": "2025-09-12T02:06:33.616861Z",
      "stabilities": [
        "staging",
        "unstable"
      ],
      "unfree": false,
      "version": "2025-06-13",
      "outputs_to_install": [
        "out"
      ],
      "outputs": {
        "out": "/nix/store/3aiaywsyk8ylh6lizypnq1m9y4j7fzg7-nil-2025-06-13"
      },
      "system": "aarch64-darwin",
      "group": "toplevel",
      "priority": 5
    },
    {
      "attr_path": "nil",
      "broken": false,
      "derivation": "/nix/store/y2d0i78x4kd4i93ii8c1r7cm36pflxps-nil-2025-06-13.drv",
      "description": "Yet another language server for Nix",
      "install_id": "nil",
      "license": "[ MIT, Apache-2.0 ]",
      "locked_url": "https://github.com/flox/nixpkgs?rev=ab0f3607a6c7486ea22229b92ed2d355f1482ee0",
      "name": "nil-2025-06-13",
      "pname": "nil",
      "rev": "ab0f3607a6c7486ea22229b92ed2d355f1482ee0",
      "rev_count": 859555,
      "rev_date": "2025-09-10T06:58:08Z",
      "scrape_date": "2025-09-12T02:41:29.633663Z",
      "stabilities": [
        "staging",
        "unstable"
      ],
      "unfree": false,
      "version": "2025-06-13",
      "outputs_to_install": [
        "out"
      ],
      "outputs": {
        "out": "/nix/store/1g4snagak6sv6mxj9wzkkm2cxs54cp6h-nil-2025-06-13"
      },
      "system": "aarch64-linux",
      "group": "toplevel",
      "priority": 5
    },
    {
      "attr_path": "nil",
      "broken": false,
      "derivation": "/nix/store/vqh2i41vl6rilwniwmqc58k1h58vm1d9-nil-2025-06-13.drv",
      "description": "Yet another language server for Nix",
      "install_id": "nil",
      "license": "[ MIT, Apache-2.0 ]",
      "locked_url": "https://github.com/flox/nixpkgs?rev=ab0f3607a6c7486ea22229b92ed2d355f1482ee0",
      "name": "nil-2025-06-13",
      "pname": "nil",
      "rev": "ab0f3607a6c7486ea22229b92ed2d355f1482ee0",
      "rev_count": 859555,
      "rev_date": "2025-09-10T06:58:08Z",
      "scrape_date": "2025-09-12T03:13:37.065005Z",
      "stabilities": [
        "staging",
        "unstable"
      ],
      "unfree": false,
      "version": "2025-06-13",
      "outputs_to_install": [
        "out"
      ],
      "outputs": {
        "out": "/nix/store/b4cy7l2ss3580w5fs55lasb80kzrmvgs-nil-2025-06-13"
      },
      "system": "x86_64-darwin",
      "group": "toplevel",
      "priority": 5
    },
    {
      "attr_path": "nil",
      "broken": false,
      "derivation": "/nix/store/qnm7b1h8vqkgi6bk43fr9rz4alymci07-nil-2025-06-13.drv",
      "description": "Yet another language server for Nix",
      "install_id": "nil",
      "license": "[ MIT, Apache-2.0 ]",
      "locked_url": "https://github.com/flox/nixpkgs?rev=ab0f3607a6c7486ea22229b92ed2d355f1482ee0",
      "name": "nil-2025-06-13",
      "pname": "nil",
      "rev": "ab0f3607a6c7486ea22229b92ed2d355f1482ee0",
      "rev_count": 859555,
      "rev_date": "2025-09-10T06:58:08Z",
      "scrape_date": "2025-09-12T03:50:15.043165Z",
      "stabilities": [
        "staging",
        "unstable"
      ],
      "unfree": false,
      "version": "2025-06-13",
      "outputs_to_install": [
        "out"
      ],
      "outputs": {
        "out": "/nix/store/nr1m6czirpz45jc97pz9g0y2hp4qwzi3-nil-2025-06-13"
      },
      "system": "x86_64-linux",
      "group": "toplevel",
      "priority": 5
    },
    {
      "attr_path": "nixd",
      "broken": false,
      "derivation": "/nix/store/r5fb4gnr90j5fpwj186rc27q70hzxn90-nixd-2.6.4.drv",
      "description": "Feature-rich Nix language server interoperating with C++ nix",
      "install_id": "nixd",
      "license": "LGPL-3.0-or-later",
      "locked_url": "https://github.com/flox/nixpkgs?rev=ab0f3607a6c7486ea22229b92ed2d355f1482ee0",
      "name": "nixd-2.6.4",
      "pname": "nixd",
      "rev": "ab0f3607a6c7486ea22229b92ed2d355f1482ee0",
      "rev_count": 859555,
      "rev_date": "2025-09-10T06:58:08Z",
      "scrape_date": "2025-09-12T02:06:33.774764Z",
      "stabilities": [
        "staging",
        "unstable"
      ],
      "unfree": false,
      "version": "2.6.4",
      "outputs_to_install": [
        "out"
      ],
      "outputs": {
        "out": "/nix/store/aqb7119lxixpggjciir59b319hvv6lh6-nixd-2.6.4"
      },
      "system": "aarch64-darwin",
      "group": "toplevel",
      "priority": 5
    },
    {
      "attr_path": "nixd",
      "broken": false,
      "derivation": "/nix/store/69dh2ckq183jlb5i34bdjg0xydqnvgy3-nixd-2.6.4.drv",
      "description": "Feature-rich Nix language server interoperating with C++ nix",
      "install_id": "nixd",
      "license": "LGPL-3.0-or-later",
      "locked_url": "https://github.com/flox/nixpkgs?rev=ab0f3607a6c7486ea22229b92ed2d355f1482ee0",
      "name": "nixd-2.6.4",
      "pname": "nixd",
      "rev": "ab0f3607a6c7486ea22229b92ed2d355f1482ee0",
      "rev_count": 859555,
      "rev_date": "2025-09-10T06:58:08Z",
      "scrape_date": "2025-09-12T02:41:29.900483Z",
      "stabilities": [
        "staging",
        "unstable"
      ],
      "unfree": false,
      "version": "2.6.4",
      "outputs_to_install": [
        "out"
      ],
      "outputs": {
        "out": "/nix/store/p5qincb09p767gr1ik0l46j1gdvq6dpr-nixd-2.6.4"
      },
      "system": "aarch64-linux",
      "group": "toplevel",
      "priority": 5
    },
    {
      "attr_path": "nixd",
      "broken": false,
      "derivation": "/nix/store/89hrbg8cf6xvkwa0i6dq6bsjm8k0wkd3-nixd-2.6.4.drv",
      "description": "Feature-rich Nix language server interoperating with C++ nix",
      "install_id": "nixd",
      "license": "LGPL-3.0-or-later",
      "locked_url": "https://github.com/flox/nixpkgs?rev=ab0f3607a6c7486ea22229b92ed2d355f1482ee0",
      "name": "nixd-2.6.4",
      "pname": "nixd",
      "rev": "ab0f3607a6c7486ea22229b92ed2d355f1482ee0",
      "rev_count": 859555,
      "rev_date": "2025-09-10T06:58:08Z",
      "scrape_date": "2025-09-12T03:13:37.216286Z",
      "stabilities": [
        "staging",
        "unstable"
      ],
      "unfree": false,
      "version": "2.6.4",
      "outputs_to_install": [
        "out"
      ],
      "outputs": {
        "out": "/nix/store/vwr3zhi54npghxz34gpplskd9by7s3hd-nixd-2.6.4"
      },
      "system": "x86_64-darwin",
      "group": "toplevel",
      "priority": 5
    },
    {
      "attr_path": "nixd",
      "broken": false,
      "derivation": "/nix/store/s4kn3wa1cm6nr9v286cykws45wwgv3jv-nixd-2.6.4.drv",
      "description": "Feature-rich Nix language server interoperating with C++ nix",
      "install_id": "nixd",
      "license": "LGPL-3.0-or-later",
      "locked_url": "https://github.com/flox/nixpkgs?rev=ab0f3607a6c7486ea22229b92ed2d355f1482ee0",
      "name": "nixd-2.6.4",
      "pname": "nixd",
      "rev": "ab0f3607a6c7486ea22229b92ed2d355f1482ee0",
      "rev_count": 859555,
      "rev_date": "2025-09-10T06:58:08Z",
      "scrape_date": "2025-09-12T03:50:15.291797Z",
      "stabilities": [
        "staging",
        "unstable"
      ],
      "unfree": false,
      "version": "2.6.4",
      "outputs_to_install": [
        "out"
      ],
      "outputs": {
        "out": "/nix/store/jha5z78mmpizx9c9bc9rzykwb1h9ql1c-nixd-2.6.4"
      },
      "system": "x86_64-linux",
      "group": "toplevel",
      "priority": 5
    },
    {
      "attr_path": "taplo",
      "broken": false,
      "derivation": "/nix/store/xhd99wyp12fs1amxhpzz7qchpqsamllr-taplo-0.10.0.drv",
      "description": "TOML toolkit written in Rust",
      "install_id": "taplo",
      "license": "MIT",
      "locked_url": "https://github.com/flox/nixpkgs?rev=ab0f3607a6c7486ea22229b92ed2d355f1482ee0",
      "name": "taplo-0.10.0",
      "pname": "taplo",
      "rev": "ab0f3607a6c7486ea22229b92ed2d355f1482ee0",
      "rev_count": 859555,
      "rev_date": "2025-09-10T06:58:08Z",
      "scrape_date": "2025-09-12T02:08:05.321254Z",
      "stabilities": [
        "staging",
        "unstable"
      ],
      "unfree": false,
      "version": "0.10.0",
      "outputs_to_install": [
        "out"
      ],
      "outputs": {
        "out": "/nix/store/bkmhp57rbj6q39ff90vng4wh06wyvp1w-taplo-0.10.0"
      },
      "system": "aarch64-darwin",
      "group": "toplevel",
      "priority": 5
    },
    {
      "attr_path": "taplo",
      "broken": false,
      "derivation": "/nix/store/abmmzfvps8l5pdzj2ci9jvzb9r90bn7s-taplo-0.10.0.drv",
      "description": "TOML toolkit written in Rust",
      "install_id": "taplo",
      "license": "MIT",
      "locked_url": "https://github.com/flox/nixpkgs?rev=ab0f3607a6c7486ea22229b92ed2d355f1482ee0",
      "name": "taplo-0.10.0",
      "pname": "taplo",
      "rev": "ab0f3607a6c7486ea22229b92ed2d355f1482ee0",
      "rev_count": 859555,
      "rev_date": "2025-09-10T06:58:08Z",
      "scrape_date": "2025-09-12T02:43:28.982316Z",
      "stabilities": [
        "staging",
        "unstable"
      ],
      "unfree": false,
      "version": "0.10.0",
      "outputs_to_install": [
        "out"
      ],
      "outputs": {
        "out": "/nix/store/s3xp4zg1l18a1s6chdyr0apdcdf524mq-taplo-0.10.0"
      },
      "system": "aarch64-linux",
      "group": "toplevel",
      "priority": 5
    },
    {
      "attr_path": "taplo",
      "broken": false,
      "derivation": "/nix/store/90nahlqn328z3njzrh7zpvhz5zhgw590-taplo-0.10.0.drv",
      "description": "TOML toolkit written in Rust",
      "install_id": "taplo",
      "license": "MIT",
      "locked_url": "https://github.com/flox/nixpkgs?rev=ab0f3607a6c7486ea22229b92ed2d355f1482ee0",
      "name": "taplo-0.10.0",
      "pname": "taplo",
      "rev": "ab0f3607a6c7486ea22229b92ed2d355f1482ee0",
      "rev_count": 859555,
      "rev_date": "2025-09-10T06:58:08Z",
      "scrape_date": "2025-09-12T03:15:00.352467Z",
      "stabilities": [
        "staging",
        "unstable"
      ],
      "unfree": false,
      "version": "0.10.0",
      "outputs_to_install": [
        "out"
      ],
      "outputs": {
        "out": "/nix/store/rrly3y4lpvg0h9cjcxlcr8l05w84km8g-taplo-0.10.0"
      },
      "system": "x86_64-darwin",
      "group": "toplevel",
      "priority": 5
    },
    {
      "attr_path": "taplo",
      "broken": false,
      "derivation": "/nix/store/p9xq1aw35s69a448rz31z69p1pqr4lm0-taplo-0.10.0.drv",
      "description": "TOML toolkit written in Rust",
      "install_id": "taplo",
      "license": "MIT",
      "locked_url": "https://github.com/flox/nixpkgs?rev=ab0f3607a6c7486ea22229b92ed2d355f1482ee0",
      "name": "taplo-0.10.0",
      "pname": "taplo",
      "rev": "ab0f3607a6c7486ea22229b92ed2d355f1482ee0",
      "rev_count": 859555,
      "rev_date": "2025-09-10T06:58:08Z",
      "scrape_date": "2025-09-12T03:52:16.555578Z",
      "stabilities": [
        "staging",
        "unstable"
      ],
      "unfree": false,
      "version": "0.10.0",
      "outputs_to_install": [
        "out"
      ],
      "outputs": {
        "out": "/nix/store/dvq0z1zxfaw8gw072bacv4d2z7s9km4l-taplo-0.10.0"
      },
      "system": "x86_64-linux",
      "group": "toplevel",
      "priority": 5
    }
  ]
}