{
  "lockfile-version": 1,
  "manifest": {
    "schema-version": "1.10.0",
    "install": {
      "neovim-nightly-overlay": {
        "flake": "github:nix-community/neovim-nightly-overlay"
      },
      "nh": {
        "pkg-path": "nh"
      },
      "nixd": {
        "pkg-path": "nixd"
      },
      "nixfmt-rfc-style": {
        "pkg-path": "nixfmt-rfc-style"
      },
      "package-version-server": {
        "pkg-path": "package-version-server"
      }
    },
    "hook": {},
    "profile": {},
    "options": {
      "activate": {
        "mode": "run"
      }
    }
  },
  "packages": [
    {
      "attr_path": "nh",
      "broken": false,
      "derivation": "/nix/store/0ihzj0mwqpc18c1v2dp7wlc7lxq351a3-nh-4.3.2.drv",
      "description": "Yet another nix cli helper",
      "install_id": "nh",
      "license": "EUPL-1.2",
      "locked_url": "https://github.com/flox/nixpkgs?rev=549bd84d6279f9852cae6225e372cc67fb91a4c1",
      "name": "nh-4.3.2",
      "pname": "nh",
      "rev": "549bd84d6279f9852cae6225e372cc67fb91a4c1",
      "rev_count": 992384,
      "rev_date": "2026-05-05T04:14:16Z",
      "scrape_date": "2026-05-06T08:07:39.274782Z",
      "stabilities": [
        "unstable"
      ],
      "unfree": false,
      "version": "4.3.2",
      "outputs_to_install": [
        "out"
      ],
      "outputs": {
        "out": "/nix/store/cfl34hnczd3b79x72allk247ilshp9fw-nh-4.3.2"
      },
      "system": "aarch64-darwin",
      "group": "toplevel",
      "priority": 5
    },
    {
      "attr_path": "nh",
      "broken": false,
      "derivation": "/nix/store/r1l0jyjxlbn4ldwbm8w11jwm56c9p2by-nh-4.3.2.drv",
      "description": "Yet another nix cli helper",
      "install_id": "nh",
      "license": "EUPL-1.2",
      "locked_url": "https://github.com/flox/nixpkgs?rev=549bd84d6279f9852cae6225e372cc67fb91a4c1",
      "name": "nh-4.3.2",
      "pname": "nh",
      "rev": "549bd84d6279f9852cae6225e372cc67fb91a4c1",
      "rev_count": 992384,
      "rev_date": "2026-05-05T04:14:16Z",
      "scrape_date": "2026-05-06T08:44:21.924611Z",
      "stabilities": [
        "unstable"
      ],
      "unfree": false,
      "version": "4.3.2",
      "outputs_to_install": [
        "out"
      ],
      "outputs": {
        "out": "/nix/store/dnzfimwrm1li1dalfz6x0qbw4k8l8jq4-nh-4.3.2"
      },
      "system": "aarch64-linux",
      "group": "toplevel",
      "priority": 5
    },
    {
      "attr_path": "nh",
      "broken": false,
      "derivation": "/nix/store/cammnfixaaacf15cfz977b6a6pw6qilv-nh-4.3.2.drv",
      "description": "Yet another nix cli helper",
      "install_id": "nh",
      "license": "EUPL-1.2",
      "locked_url": "https://github.com/flox/nixpkgs?rev=549bd84d6279f9852cae6225e372cc67fb91a4c1",
      "name": "nh-4.3.2",
      "pname": "nh",
      "rev": "549bd84d6279f9852cae6225e372cc67fb91a4c1",
      "rev_count": 992384,
      "rev_date": "2026-05-05T04:14:16Z",
      "scrape_date": "2026-05-06T09:16:33.234033Z",
      "stabilities": [
        "unstable"
      ],
      "unfree": false,
      "version": "4.3.2",
      "outputs_to_install": [
        "out"
      ],
      "outputs": {
        "out": "/nix/store/8xxvq6zi0wji6yf2ddb7sprifiw3y4pv-nh-4.3.2"
      },
      "system": "x86_64-darwin",
      "group": "toplevel",
      "priority": 5
    },
    {
      "attr_path": "nh",
      "broken": false,
      "derivation": "/nix/store/ixfvghykz6ysccg840rx3b450jjrmq86-nh-4.3.2.drv",
      "description": "Yet another nix cli helper",
      "install_id": "nh",
      "license": "EUPL-1.2",
      "locked_url": "https://github.com/flox/nixpkgs?rev=549bd84d6279f9852cae6225e372cc67fb91a4c1",
      "name": "nh-4.3.2",
      "pname": "nh",
      "rev": "549bd84d6279f9852cae6225e372cc67fb91a4c1",
      "rev_count": 992384,
      "rev_date": "2026-05-05T04:14:16Z",
      "scrape_date": "2026-05-06T09:53:01.606965Z",
      "stabilities": [
        "unstable"
      ],
      "unfree": false,
      "version": "4.3.2",
      "outputs_to_install": [
        "out"
      ],
      "outputs": {
        "out": "/nix/store/k9c04vx63x91fa3k147g5hi7k0ppns80-nh-4.3.2"
      },
      "system": "x86_64-linux",
      "group": "toplevel",
      "priority": 5
    },
    {
      "attr_path": "nixd",
      "broken": false,
      "derivation": "/nix/store/pvgry8jj054kkrsqzz2bh0k6gs8y1qnw-nixd-2.9.0.drv",
      "description": "Feature-rich Nix language server interoperating with C++ nix",
      "install_id": "nixd",
      "license": "LGPL-3.0-or-later",
      "locked_url": "https://github.com/flox/nixpkgs?rev=549bd84d6279f9852cae6225e372cc67fb91a4c1",
      "name": "nixd-2.9.0",
      "pname": "nixd",
      "rev": "549bd84d6279f9852cae6225e372cc67fb91a4c1",
      "rev_count": 992384,
      "rev_date": "2026-05-05T04:14:16Z",
      "scrape_date": "2026-05-06T08:07:39.465064Z",
      "stabilities": [
        "unstable"
      ],
      "unfree": false,
      "version": "2.9.0",
      "outputs_to_install": [
        "out"
      ],
      "outputs": {
        "out": "/nix/store/rair2m6xril11q78skr9i9i6a31s06r2-nixd-2.9.0"
      },
      "system": "aarch64-darwin",
      "group": "toplevel",
      "priority": 5
    },
    {
      "attr_path": "nixd",
      "broken": false,
      "derivation": "/nix/store/jphhri6ckrhjzpmplhn8pr4mm6ychb9n-nixd-2.9.0.drv",
      "description": "Feature-rich Nix language server interoperating with C++ nix",
      "install_id": "nixd",
      "license": "LGPL-3.0-or-later",
      "locked_url": "https://github.com/flox/nixpkgs?rev=549bd84d6279f9852cae6225e372cc67fb91a4c1",
      "name": "nixd-2.9.0",
      "pname": "nixd",
      "rev": "549bd84d6279f9852cae6225e372cc67fb91a4c1",
      "rev_count": 992384,
      "rev_date": "2026-05-05T04:14:16Z",
      "scrape_date": "2026-05-06T08:44:22.210492Z",
      "stabilities": [
        "unstable"
      ],
      "unfree": false,
      "version": "2.9.0",
      "outputs_to_install": [
        "out"
      ],
      "outputs": {
        "out": "/nix/store/440x9r06xaw2f5pch562n3hpi97pv2z6-nixd-2.9.0"
      },
      "system": "aarch64-linux",
      "group": "toplevel",
      "priority": 5
    },
    {
      "attr_path": "nixd",
      "broken": false,
      "derivation": "/nix/store/pryiv9xhmr75q10wv1xb6vghppc7315v-nixd-2.9.0.drv",
      "description": "Feature-rich Nix language server interoperating with C++ nix",
      "install_id": "nixd",
      "license": "LGPL-3.0-or-later",
      "locked_url": "https://github.com/flox/nixpkgs?rev=549bd84d6279f9852cae6225e372cc67fb91a4c1",
      "name": "nixd-2.9.0",
      "pname": "nixd",
      "rev": "549bd84d6279f9852cae6225e372cc67fb91a4c1",
      "rev_count": 992384,
      "rev_date": "2026-05-05T04:14:16Z",
      "scrape_date": "2026-05-06T09:16:33.425865Z",
      "stabilities": [
        "unstable"
      ],
      "unfree": false,
      "version": "2.9.0",
      "outputs_to_install": [
        "out"
      ],
      "outputs": {
        "out": "/nix/store/mpjnldnxa8afxpc1sry29f4b7c3z8ljg-nixd-2.9.0"
      },
      "system": "x86_64-darwin",
      "group": "toplevel",
      "priority": 5
    },
    {
      "attr_path": "nixd",
      "broken": false,
      "derivation": "/nix/store/rl3r45286p8kqfba1iva19p7dgyf272w-nixd-2.9.0.drv",
      "description": "Feature-rich Nix language server interoperating with C++ nix",
      "install_id": "nixd",
      "license": "LGPL-3.0-or-later",
      "locked_url": "https://github.com/flox/nixpkgs?rev=549bd84d6279f9852cae6225e372cc67fb91a4c1",
      "name": "nixd-2.9.0",
      "pname": "nixd",
      "rev": "549bd84d6279f9852cae6225e372cc67fb91a4c1",
      "rev_count": 992384,
      "rev_date": "2026-05-05T04:14:16Z",
      "scrape_date": "2026-05-06T09:53:01.899016Z",
      "stabilities": [
        "unstable"
      ],
      "unfree": false,
      "version": "2.9.0",
      "outputs_to_install": [
        "out"
      ],
      "outputs": {
        "out": "/nix/store/cdzdgirz7m8finvpn08b4nlikcpyxnl8-nixd-2.9.0"
      },
      "system": "x86_64-linux",
      "group": "toplevel",
      "priority": 5
    },
    {
      "attr_path": "nixfmt-rfc-style",
      "broken": false,
      "derivation": "/nix/store/87n72k04xsrm87m2d81d6sx2df9h3cjc-nixfmt-1.2.0.drv",
      "description": "Official formatter for Nix code",
      "install_id": "nixfmt-rfc-style",
      "license": "MPL-2.0",
      "locked_url": "https://github.com/flox/nixpkgs?rev=549bd84d6279f9852cae6225e372cc67fb91a4c1",
      "name": "nixfmt-1.2.0",
      "pname": "nixfmt-rfc-style",
      "rev": "549bd84d6279f9852cae6225e372cc67fb91a4c1",
      "rev_count": 992384,
      "rev_date": "2026-05-05T04:14:16Z",
      "scrape_date": "2026-05-06T08:07:39.474627Z",
      "stabilities": [
        "unstable"
      ],
      "unfree": false,
      "version": "1.2.0",
      "outputs_to_install": [
        "out"
      ],
      "outputs": {
        "out": "/nix/store/cn0f42d8p48g718nh2zsgl96zjx207hi-nixfmt-1.2.0"
      },
      "system": "aarch64-darwin",
      "group": "toplevel",
      "priority": 5
    },
    {
      "attr_path": "nixfmt-rfc-style",
      "broken": false,
      "derivation": "/nix/store/1h8a3wdkliavl5xpa2q35j7ra6gl0zm4-nixfmt-1.2.0.drv",
      "description": "Official formatter for Nix code",
      "install_id": "nixfmt-rfc-style",
      "license": "MPL-2.0",
      "locked_url": "https://github.com/flox/nixpkgs?rev=549bd84d6279f9852cae6225e372cc67fb91a4c1",
      "name": "nixfmt-1.2.0",
      "pname": "nixfmt-rfc-style",
      "rev": "549bd84d6279f9852cae6225e372cc67fb91a4c1",
      "rev_count": 992384,
      "rev_date": "2026-05-05T04:14:16Z",
      "scrape_date": "2026-05-06T08:44:22.222843Z",
      "stabilities": [
        "unstable"
      ],
      "unfree": false,
      "version": "1.2.0",
      "outputs_to_install": [
        "out"
      ],
      "outputs": {
        "out": "/nix/store/5a6gar99j4aqhsr47v2q0j1h0aw5dzbw-nixfmt-1.2.0"
      },
      "system": "aarch64-linux",
      "group": "toplevel",
      "priority": 5
    },
    {
      "attr_path": "nixfmt-rfc-style",
      "broken": false,
      "derivation": "/nix/store/ygpyi9c3fzfhfzwd9kis55jq0w0pmp5h-nixfmt-1.2.0.drv",
      "description": "Official formatter for Nix code",
      "install_id": "nixfmt-rfc-style",
      "license": "MPL-2.0",
      "locked_url": "https://github.com/flox/nixpkgs?rev=549bd84d6279f9852cae6225e372cc67fb91a4c1",
      "name": "nixfmt-1.2.0",
      "pname": "nixfmt-rfc-style",
      "rev": "549bd84d6279f9852cae6225e372cc67fb91a4c1",
      "rev_count": 992384,
      "rev_date": "2026-05-05T04:14:16Z",
      "scrape_date": "2026-05-06T09:16:33.435432Z",
      "stabilities": [
        "unstable"
      ],
      "unfree": false,
      "version": "1.2.0",
      "outputs_to_install": [
        "out"
      ],
      "outputs": {
        "out": "/nix/store/xva48k43j2r9kd2wnhjfrarvx0cqg1lg-nixfmt-1.2.0"
      },
      "system": "x86_64-darwin",
      "group": "toplevel",
      "priority": 5
    },
    {
      "attr_path": "nixfmt-rfc-style",
      "broken": false,
      "derivation": "/nix/store/p12lrjkryx0ngp9mz8pr7jg1c5a7w961-nixfmt-1.2.0.drv",
      "description": "Official formatter for Nix code",
      "install_id": "nixfmt-rfc-style",
      "license": "MPL-2.0",
      "locked_url": "https://github.com/flox/nixpkgs?rev=549bd84d6279f9852cae6225e372cc67fb91a4c1",
      "name": "nixfmt-1.2.0",
      "pname": "nixfmt-rfc-style",
      "rev": "549bd84d6279f9852cae6225e372cc67fb91a4c1",
      "rev_count": 992384,
      "rev_date": "2026-05-05T04:14:16Z",
      "scrape_date": "2026-05-06T09:53:01.911783Z",
      "stabilities": [
        "unstable"
      ],
      "unfree": false,
      "version": "1.2.0",
      "outputs_to_install": [
        "out"
      ],
      "outputs": {
        "out": "/nix/store/7ps5j106c8a61imxfx85kcflmvbc344s-nixfmt-1.2.0"
      },
      "system": "x86_64-linux",
      "group": "toplevel",
      "priority": 5
    },
    {
      "attr_path": "package-version-server",
      "broken": false,
      "derivation": "/nix/store/9hljl8n06dq74m9cpn8d5ppw5wp0zcqk-package-version-server-0.0.10.drv",
      "description": "Language server that handles hover information in package.json files",
      "install_id": "package-version-server",
      "license": "MIT",
      "locked_url": "https://github.com/flox/nixpkgs?rev=549bd84d6279f9852cae6225e372cc67fb91a4c1",
      "name": "package-version-server-0.0.10",
      "pname": "package-version-server",
      "rev": "549bd84d6279f9852cae6225e372cc67fb91a4c1",
      "rev_count": 992384,
      "rev_date": "2026-05-05T04:14:16Z",
      "scrape_date": "2026-05-06T08:07:45.217053Z",
      "stabilities": [
        "unstable"
      ],
      "unfree": false,
      "version": "0.0.10",
      "outputs_to_install": [
        "out"
      ],
      "outputs": {
        "out": "/nix/store/0rr9prmlkjzlcwk9n2qpnaig226hzpwb-package-version-server-0.0.10"
      },
      "system": "aarch64-darwin",
      "group": "toplevel",
      "priority": 5
    },
    {
      "attr_path": "package-version-server",
      "broken": false,
      "derivation": "/nix/store/76mfll23fqa8z43kr12w0hlhpss1lyzd-package-version-server-0.0.10.drv",
      "description": "Language server that handles hover information in package.json files",
      "install_id": "package-version-server",
      "license": "MIT",
      "locked_url": "https://github.com/flox/nixpkgs?rev=549bd84d6279f9852cae6225e372cc67fb91a4c1",
      "name": "package-version-server-0.0.10",
      "pname": "package-version-server",
      "rev": "549bd84d6279f9852cae6225e372cc67fb91a4c1",
      "rev_count": 992384,
      "rev_date": "2026-05-05T04:14:16Z",
      "scrape_date": "2026-05-06T08:44:30.270601Z",
      "stabilities": [
        "unstable"
      ],
      "unfree": false,
      "version": "0.0.10",
      "outputs_to_install": [
        "out"
      ],
      "outputs": {
        "out": "/nix/store/ngriy8vwscbc0chaccylfyf8ilm9kvi2-package-version-server-0.0.10"
      },
      "system": "aarch64-linux",
      "group": "toplevel",
      "priority": 5
    },
    {
      "attr_path": "package-version-server",
      "broken": false,
      "derivation": "/nix/store/m29pvvqyy1gm2gi3zl4gwmldr2n3msb9-package-version-server-0.0.10.drv",
      "description": "Language server that handles hover information in package.json files",
      "install_id": "package-version-server",
      "license": "MIT",
      "locked_url": "https://github.com/flox/nixpkgs?rev=549bd84d6279f9852cae6225e372cc67fb91a4c1",
      "name": "package-version-server-0.0.10",
      "pname": "package-version-server",
      "rev": "549bd84d6279f9852cae6225e372cc67fb91a4c1",
      "rev_count": 992384,
      "rev_date": "2026-05-05T04:14:16Z",
      "scrape_date": "2026-05-06T09:16:39.241976Z",
      "stabilities": [
        "unstable"
      ],
      "unfree": false,
      "version": "0.0.10",
      "outputs_to_install": [
        "out"
      ],
      "outputs": {
        "out": "/nix/store/ikc9y21fg8d8230hdji8n0bfa5qk3k56-package-version-server-0.0.10"
      },
      "system": "x86_64-darwin",
      "group": "toplevel",
      "priority": 5
    },
    {
      "attr_path": "package-version-server",
      "broken": false,
      "derivation": "/nix/store/qig4bz1rfijqsc1gh8gri1518jpn9izh-package-version-server-0.0.10.drv",
      "description": "Language server that handles hover information in package.json files",
      "install_id": "package-version-server",
      "license": "MIT",
      "locked_url": "https://github.com/flox/nixpkgs?rev=549bd84d6279f9852cae6225e372cc67fb91a4c1",
      "name": "package-version-server-0.0.10",
      "pname": "package-version-server",
      "rev": "549bd84d6279f9852cae6225e372cc67fb91a4c1",
      "rev_count": 992384,
      "rev_date": "2026-05-05T04:14:16Z",
      "scrape_date": "2026-05-06T09:53:10.117211Z",
      "stabilities": [
        "unstable"
      ],
      "unfree": false,
      "version": "0.0.10",
      "outputs_to_install": [
        "out"
      ],
      "outputs": {
        "out": "/nix/store/ayi5f35qc1ycq4ipz7ws586qk2mwkykm-package-version-server-0.0.10"
      },
      "system": "x86_64-linux",
      "group": "toplevel",
      "priority": 5
    },
    {
      "install_id": "neovim-nightly-overlay",
      "locked-url": "github:nix-community/neovim-nightly-overlay/cca2a2d1c03f763fdcd7066791363d792313c641?narHash=sha256-4YwkGkjvLD0EB7rQGCRA9J/zgwrnTL20dJd7Wmnicj0%3D",
      "flake-description": "Neovim flake",
      "locked-flake-attr-path": "packages.aarch64-darwin.default",
      "derivation": "/nix/store/kxcg5hy1w1r5x6fyawiy23wn3mkl1ipg-neovim-unwrapped-b7d8a41.drv",
      "outputs": {
        "out": "/nix/store/nh57fybx1767bj2v595sy620nqzpi9kb-neovim-unwrapped-b7d8a41"
      },
      "output-names": [
        "out"
      ],
      "outputs-to-install": [
        "out"
      ],
      "requested-outputs-to-install": [],
      "package-system": "aarch64-darwin",
      "system": "aarch64-darwin",
      "name": "neovim-unwrapped-b7d8a41",
      "pname": "neovim-unwrapped",
      "version": "b7d8a41",
      "description": "Vim text editor fork focused on extensibility and agility",
      "licenses": [
        "Apache-2.0",
        "Vim"
      ],
      "broken": false,
      "unfree": false,
      "priority": 5
    },
    {
      "install_id": "neovim-nightly-overlay",
      "locked-url": "github:nix-community/neovim-nightly-overlay/cca2a2d1c03f763fdcd7066791363d792313c641?narHash=sha256-4YwkGkjvLD0EB7rQGCRA9J/zgwrnTL20dJd7Wmnicj0%3D",
      "flake-description": "Neovim flake",
      "locked-flake-attr-path": "packages.aarch64-linux.default",
      "derivation": "/nix/store/wsacghbckxa83cskc2caggj7kv61fqs9-neovim-unwrapped-b7d8a41.drv",
      "outputs": {
        "debug": "/nix/store/lwaz9hcz38zl2k3pgn0vg7y9bhyan4za-neovim-unwrapped-b7d8a41-debug",
        "out": "/nix/store/47jmm77flrlia3l3m6sdyvy949gd6kwr-neovim-unwrapped-b7d8a41"
      },
      "output-names": [
        "out",
        "debug"
      ],
      "outputs-to-install": [
        "out"
      ],
      "requested-outputs-to-install": [],
      "package-system": "aarch64-linux",
      "system": "aarch64-linux",
      "name": "neovim-unwrapped-b7d8a41",
      "pname": "neovim-unwrapped",
      "version": "b7d8a41",
      "description": "Vim text editor fork focused on extensibility and agility",
      "licenses": [
        "Apache-2.0",
        "Vim"
      ],
      "broken": false,
      "unfree": false,
      "priority": 5
    },
    {
      "install_id": "neovim-nightly-overlay",
      "locked-url": "github:nix-community/neovim-nightly-overlay/cca2a2d1c03f763fdcd7066791363d792313c641?narHash=sha256-4YwkGkjvLD0EB7rQGCRA9J/zgwrnTL20dJd7Wmnicj0%3D",
      "flake-description": "Neovim flake",
      "locked-flake-attr-path": "packages.x86_64-darwin.default",
      "derivation": "/nix/store/ffh2fczrl11q7f6vnysgnb4alk4dx97z-neovim-unwrapped-b7d8a41.drv",
      "outputs": {
        "out": "/nix/store/n3ayrl13ni1bd0nyy434gfhq7q1ifcrv-neovim-unwrapped-b7d8a41"
      },
      "output-names": [
        "out"
      ],
      "outputs-to-install": [
        "out"
      ],
      "requested-outputs-to-install": [],
      "package-system": "x86_64-darwin",
      "system": "x86_64-darwin",
      "name": "neovim-unwrapped-b7d8a41",
      "pname": "neovim-unwrapped",
      "version": "b7d8a41",
      "description": "Vim text editor fork focused on extensibility and agility",
      "licenses": [
        "Apache-2.0",
        "Vim"
      ],
      "broken": false,
      "unfree": false,
      "priority": 5
    },
    {
      "install_id": "neovim-nightly-overlay",
      "locked-url": "github:nix-community/neovim-nightly-overlay/cca2a2d1c03f763fdcd7066791363d792313c641?narHash=sha256-4YwkGkjvLD0EB7rQGCRA9J/zgwrnTL20dJd7Wmnicj0%3D",
      "flake-description": "Neovim flake",
      "locked-flake-attr-path": "packages.x86_64-linux.default",
      "derivation": "/nix/store/qrbdvv49i9qx6r5lqk7kwza8k4j6rii0-neovim-unwrapped-b7d8a41.drv",
      "outputs": {
        "debug": "/nix/store/j9i6sj7gb6qdlzhr1sv4jm7dyf6vlivg-neovim-unwrapped-b7d8a41-debug",
        "out": "/nix/store/8hicx4mz7bvnzpzgnn0kh9hbn53wspca-neovim-unwrapped-b7d8a41"
      },
      "output-names": [
        "out",
        "debug"
      ],
      "outputs-to-install": [
        "out"
      ],
      "requested-outputs-to-install": [],
      "package-system": "x86_64-linux",
      "system": "x86_64-linux",
      "name": "neovim-unwrapped-b7d8a41",
      "pname": "neovim-unwrapped",
      "version": "b7d8a41",
      "description": "Vim text editor fork focused on extensibility and agility",
      "licenses": [
        "Apache-2.0",
        "Vim"
      ],
      "broken": false,
      "unfree": false,
      "priority": 5
    }
  ]
}
